
Microsoft Visual Studio Solution File, Format Version 12.00
# Visual Studio Version 17
VisualStudioVersion = 17.9.34902.65
MinimumVisualStudioVersion = 10.0.40219.1
Project("{FAE04EC0-301F-11D3-BF4B-00C04F79EFBC}") = "c-sharp-apps-mark-kotlobay", "c-sharp-apps-mark-kotlobay\c-sharp-apps-mark-kotlobay.csproj", "{720B078C-9E42-42A0-B8D1-59621460E619}"
EndProject
Global
	GlobalSection(SolutionConfigurationPlatforms) = preSolution
		Debug|Any CPU = Debug|Any CPU
		Release|Any CPU = Release|Any CPU
	EndGlobalSection
	GlobalSection(ProjectConfigurationPlatforms) = postSolution
		{720B078C-9E42-42A0-B8D1-59621460E619}.Debug|Any CPU.ActiveCfg = Debug|Any CPU
		{720B078C-9E42-42A0-B8D1-59621460E619}.Debug|Any CPU.Build.0 = Debug|Any CPU
		{720B078C-9E42-42A0-B8D1-59621460E619}.Release|Any CPU.ActiveCfg = Release|Any CPU
		{720B078C-9E42-42A0-B8D1-59621460E619}.Release|Any CPU.Build.0 = Release|Any CPU
	EndGlobalSection
	GlobalSection(SolutionProperties) = preSolution
		HideSolutionNode = FALSE
	EndGlobalSection
	GlobalSection(ExtensibilityGlobals) = postSolution
		SolutionGuid = {E9F86839-38EC-44B3-8867-C628CA5621BB}
	EndGlobalSection
EndGlobal
